
Microsoft Visual Studio Solution File, Format Version 12.00
# Visual Studio 15
VisualStudioVersion = 15.0.26124.0
MinimumVisualStudioVersion = 15.0.26124.0
Project("{FAE04EC0-301F-11D3-BF4B-00C04F79EFBC}") = "NameSorter", "NameSorter\NameSorter.csproj", "{25095888-DDAC-417B-9B1D-86160D5DEE16}"
EndProject
Project("{FAE04EC0-301F-11D3-BF4B-00C04F79EFBC}") = "NameSorter.Tests", "NameSorter.Tests\NameSorter.Tests.csproj", "{4F3F7754-1CDD-4FE6-8B0D-7BED4DF0F1F6}"
EndProject
Project("{FAE04EC0-301F-11D3-BF4B-00C04F79EFBC}") = "GlobalNameSorter", "GlobalNameSorter\GlobalNameSorter.csproj", "{2A129EB4-2E44-4237-AADF-1DC07A1DA1A2}"
EndProject
Global
	GlobalSection(SolutionConfigurationPlatforms) = preSolution
		Debug|Any CPU = Debug|Any CPU
		Debug|x64 = Debug|x64
		Debug|x86 = Debug|x86
		Release|Any CPU = Release|Any CPU
		Release|x64 = Release|x64
		Release|x86 = Release|x86
	EndGlobalSection
	GlobalSection(SolutionProperties) = preSolution
		HideSolutionNode = FALSE
	EndGlobalSection
	GlobalSection(ProjectConfigurationPlatforms) = postSolution
		{25095888-DDAC-417B-9B1D-86160D5DEE16}.Debug|Any CPU.ActiveCfg = Debug|Any CPU
		{25095888-DDAC-417B-9B1D-86160D5DEE16}.Debug|Any CPU.Build.0 = Debug|Any CPU
		{25095888-DDAC-417B-9B1D-86160D5DEE16}.Debug|x64.ActiveCfg = Debug|Any CPU
		{25095888-DDAC-417B-9B1D-86160D5DEE16}.Debug|x64.Build.0 = Debug|Any CPU
		{25095888-DDAC-417B-9B1D-86160D5DEE16}.Debug|x86.ActiveCfg = Debug|Any CPU
		{25095888-DDAC-417B-9B1D-86160D5DEE16}.Debug|x86.Build.0 = Debug|Any CPU
		{25095888-DDAC-417B-9B1D-86160D5DEE16}.Release|Any CPU.ActiveCfg = Release|Any CPU
		{25095888-DDAC-417B-9B1D-86160D5DEE16}.Release|Any CPU.Build.0 = Release|Any CPU
		{25095888-DDAC-417B-9B1D-86160D5DEE16}.Release|x64.ActiveCfg = Release|Any CPU
		{25095888-DDAC-417B-9B1D-86160D5DEE16}.Release|x64.Build.0 = Release|Any CPU
		{25095888-DDAC-417B-9B1D-86160D5DEE16}.Release|x86.ActiveCfg = Release|Any CPU
		{25095888-DDAC-417B-9B1D-86160D5DEE16}.Release|x86.Build.0 = Release|Any CPU
		{4F3F7754-1CDD-4FE6-8B0D-7BED4DF0F1F6}.Debug|Any CPU.ActiveCfg = Debug|Any CPU
		{4F3F7754-1CDD-4FE6-8B0D-7BED4DF0F1F6}.Debug|Any CPU.Build.0 = Debug|Any CPU
		{4F3F7754-1CDD-4FE6-8B0D-7BED4DF0F1F6}.Debug|x64.ActiveCfg = Debug|Any CPU
		{4F3F7754-1CDD-4FE6-8B0D-7BED4DF0F1F6}.Debug|x64.Build.0 = Debug|Any CPU
		{4F3F7754-1CDD-4FE6-8B0D-7BED4DF0F1F6}.Debug|x86.ActiveCfg = Debug|Any CPU
		{4F3F7754-1CDD-4FE6-8B0D-7BED4DF0F1F6}.Debug|x86.Build.0 = Debug|Any CPU
		{4F3F7754-1CDD-4FE6-8B0D-7BED4DF0F1F6}.Release|Any CPU.ActiveCfg = Release|Any CPU
		{4F3F7754-1CDD-4FE6-8B0D-7BED4DF0F1F6}.Release|Any CPU.Build.0 = Release|Any CPU
		{4F3F7754-1CDD-4FE6-8B0D-7BED4DF0F1F6}.Release|x64.ActiveCfg = Release|Any CPU
		{4F3F7754-1CDD-4FE6-8B0D-7BED4DF0F1F6}.Release|x64.Build.0 = Release|Any CPU
		{4F3F7754-1CDD-4FE6-8B0D-7BED4DF0F1F6}.Release|x86.ActiveCfg = Release|Any CPU
		{4F3F7754-1CDD-4FE6-8B0D-7BED4DF0F1F6}.Release|x86.Build.0 = Release|Any CPU
		{2A129EB4-2E44-4237-AADF-1DC07A1DA1A2}.Debug|Any CPU.ActiveCfg = Debug|Any CPU
		{2A129EB4-2E44-4237-AADF-1DC07A1DA1A2}.Debug|Any CPU.Build.0 = Debug|Any CPU
		{2A129EB4-2E44-4237-AADF-1DC07A1DA1A2}.Debug|x64.ActiveCfg = Debug|Any CPU
		{2A129EB4-2E44-4237-AADF-1DC07A1DA1A2}.Debug|x64.Build.0 = Debug|Any CPU
		{2A129EB4-2E44-4237-AADF-1DC07A1DA1A2}.Debug|x86.ActiveCfg = Debug|Any CPU
		{2A129EB4-2E44-4237-AADF-1DC07A1DA1A2}.Debug|x86.Build.0 = Debug|Any CPU
		{2A129EB4-2E44-4237-AADF-1DC07A1DA1A2}.Release|Any CPU.ActiveCfg = Release|Any CPU
		{2A129EB4-2E44-4237-AADF-1DC07A1DA1A2}.Release|Any CPU.Build.0 = Release|Any CPU
		{2A129EB4-2E44-4237-AADF-1DC07A1DA1A2}.Release|x64.ActiveCfg = Release|Any CPU
		{2A129EB4-2E44-4237-AADF-1DC07A1DA1A2}.Release|x64.Build.0 = Release|Any CPU
		{2A129EB4-2E44-4237-AADF-1DC07A1DA1A2}.Release|x86.ActiveCfg = Release|Any CPU
		{2A129EB4-2E44-4237-AADF-1DC07A1DA1A2}.Release|x86.Build.0 = Release|Any CPU
	EndGlobalSection
EndGlobal
